
Microsoft Visual Studio Solution File, Format Version 12.00
# Visual Studio Version 17
VisualStudioVersion = 17.8.34511.84
MinimumVisualStudioVersion = 10.0.40219.1
Project("{FAE04EC0-301F-11D3-BF4B-00C04F79EFBC}") = "Discord c2", "Discord c2\Discord c2.csproj", "{EFDCAEB8-8FCB-48C4-B6E3-F1143BB9E794}"
EndProject
Global
	GlobalSection(SolutionConfigurationPlatforms) = preSolution
		Debug|Any CPU = Debug|Any CPU
		Release|Any CPU = Release|Any CPU
	EndGlobalSection
	GlobalSection(ProjectConfigurationPlatforms) = postSolution
		{EFDCAEB8-8FCB-48C4-B6E3-F1143BB9E794}.Debug|Any CPU.ActiveCfg = Debug|Any CPU
		{EFDCAEB8-8FCB-48C4-B6E3-F1143BB9E794}.Debug|Any CPU.Build.0 = Debug|Any CPU
		{EFDCAEB8-8FCB-48C4-B6E3-F1143BB9E794}.Release|Any CPU.ActiveCfg = Release|Any CPU
		{EFDCAEB8-8FCB-48C4-B6E3-F1143BB9E794}.Release|Any CPU.Build.0 = Release|Any CPU
	EndGlobalSection
	GlobalSection(SolutionProperties) = preSolution
		HideSolutionNode = FALSE
	EndGlobalSection
	GlobalSection(ExtensibilityGlobals) = postSolution
		SolutionGuid = {16BF197B-F5D2-41E5-84EE-8CE7123B7E35}
	EndGlobalSection
EndGlobal
